// !$*UTF8*$!
{
	archiveVersion = 1;
	classes = {
	};
	objectVersion = 56;
	objects = {

/* Begin PBXBuildFile section */
		A40889832C9027FB0067CF9C /* Utils.swift in Sources */ = {isa = PBXBuildFile; fileRef = A40889822C9027FB0067CF9C /* Utils.swift */; };
		A40889862C9034D60067CF9C /* ExpenseLog.swift in Sources */ = {isa = PBXBuildFile; fileRef = A40889852C9034D60067CF9C /* ExpenseLog.swift */; };
		A40889882C9035330067CF9C /* AnalysisView.swift in Sources */ = {isa = PBXBuildFile; fileRef = A40889872C9035330067CF9C /* AnalysisView.swift */; };
		A408898A2C9381C20067CF9C /* GraphicalAnalysisView.swift in Sources */ = {isa = PBXBuildFile; fileRef = A40889892C9381C20067CF9C /* GraphicalAnalysisView.swift */; };
		A40889912CA405210067CF9C /* RandomColor in Frameworks */ = {isa = PBXBuildFile; productRef = A40889902CA405210067CF9C /* RandomColor */; };
		A40D98C02D8B322C0095301F /* CombinedView.swift in Sources */ = {isa = PBXBuildFile; fileRef = A40D98BF2D8B322C0095301F /* CombinedView.swift */; };
		A43AAEA82C8C883600965AB1 /* Expense_TrackerApp.swift in Sources */ = {isa = PBXBuildFile; fileRef = A43AAEA72C8C883600965AB1 /* Expense_TrackerApp.swift */; };
		A43AAEAA2C8C883600965AB1 /* ContentView.swift in Sources */ = {isa = PBXBuildFile; fileRef = A43AAEA92C8C883600965AB1 /* ContentView.swift */; };
		A43AAEAC2C8C883700965AB1 /* Assets.xcassets in Resources */ = {isa = PBXBuildFile; fileRef = A43AAEAB2C8C883700965AB1 /* Assets.xcassets */; };
		A43AAEAF2C8C883700965AB1 /* Preview Assets.xcassets in Resources */ = {isa = PBXBuildFile; fileRef = A43AAEAE2C8C883700965AB1 /* Preview Assets.xcassets */; };
		A43AAED32C8C8F3F00965AB1 /* Constants.swift in Sources */ = {isa = PBXBuildFile; fileRef = A43AAED22C8C8F3E00965AB1 /* Constants.swift */; };
		A43AAED72C8C950600965AB1 /* Expense.swift in Sources */ = {isa = PBXBuildFile; fileRef = A43AAED62C8C950600965AB1 /* Expense.swift */; };
		A457301F2D341C1300266218 /* MistralPhotoView.swift in Sources */ = {isa = PBXBuildFile; fileRef = A457301E2D341C1300266218 /* MistralPhotoView.swift */; };
		A45730212D341E7D00266218 /* Config.xcconfig in Resources */ = {isa = PBXBuildFile; fileRef = A45730202D341E7D00266218 /* Config.xcconfig */; };
		A45730232D341F0B00266218 /* .gitignore in Resources */ = {isa = PBXBuildFile; fileRef = A45730222D341F0B00266218 /* .gitignore */; };
		A45730252D345F8D00266218 /* AIReceiptEntriesView.swift in Sources */ = {isa = PBXBuildFile; fileRef = A45730242D345F8D00266218 /* AIReceiptEntriesView.swift */; };
		A45730282D3AB46F00266218 /* ChatView.swift in Sources */ = {isa = PBXBuildFile; fileRef = A45730272D3AB46F00266218 /* ChatView.swift */; };
		A457302C2D3ADDA800266218 /* ExpenseService.swift in Sources */ = {isa = PBXBuildFile; fileRef = A457302B2D3ADDA800266218 /* ExpenseService.swift */; };
		A457302F2D3AF88200266218 /* ChatViewModel.swift in Sources */ = {isa = PBXBuildFile; fileRef = A457302E2D3AF88200266218 /* ChatViewModel.swift */; };
		A45730312D42687600266218 /* Message.swift in Sources */ = {isa = PBXBuildFile; fileRef = A45730302D42687600266218 /* Message.swift */; };
		A486AE562C8C9A7300E5A1FD /* RealmSwift in Frameworks */ = {isa = PBXBuildFile; productRef = A486AE552C8C9A7300E5A1FD /* RealmSwift */; };
		A486AE582C8CBDD800E5A1FD /* RealmHelper.swift in Sources */ = {isa = PBXBuildFile; fileRef = A486AE572C8CBDD800E5A1FD /* RealmHelper.swift */; };
/* End PBXBuildFile section */

/* Begin PBXFileReference section */
		A40889822C9027FB0067CF9C /* Utils.swift */ = {isa = PBXFileReference; lastKnownFileType = sourcecode.swift; path = Utils.swift; sourceTree = "<group>"; };
		A40889852C9034D60067CF9C /* ExpenseLog.swift */ = {isa = PBXFileReference; lastKnownFileType = sourcecode.swift; path = ExpenseLog.swift; sourceTree = "<group>"; };
		A40889872C9035330067CF9C /* AnalysisView.swift */ = {isa = PBXFileReference; lastKnownFileType = sourcecode.swift; path = AnalysisView.swift; sourceTree = "<group>"; };
		A40889892C9381C20067CF9C /* GraphicalAnalysisView.swift */ = {isa = PBXFileReference; lastKnownFileType = sourcecode.swift; path = GraphicalAnalysisView.swift; sourceTree = "<group>"; };
		A408898B2C94AB640067CF9C /* PhotoAnalysisView.swift */ = {isa = PBXFileReference; lastKnownFileType = sourcecode.swift; path = PhotoAnalysisView.swift; sourceTree = "<group>"; };
		A40D98BF2D8B322C0095301F /* CombinedView.swift */ = {isa = PBXFileReference; lastKnownFileType = sourcecode.swift; path = CombinedView.swift; sourceTree = "<group>"; };
		A43AAEA42C8C883600965AB1 /* Expense Tracker.app */ = {isa = PBXFileReference; explicitFileType = wrapper.application; includeInIndex = 0; path = "Expense Tracker.app"; sourceTree = BUILT_PRODUCTS_DIR; };
		A43AAEA72C8C883600965AB1 /* Expense_TrackerApp.swift */ = {isa = PBXFileReference; lastKnownFileType = sourcecode.swift; path = Expense_TrackerApp.swift; sourceTree = "<group>"; };
		A43AAEA92C8C883600965AB1 /* ContentView.swift */ = {isa = PBXFileReference; lastKnownFileType = sourcecode.swift; path = ContentView.swift; sourceTree = "<group>"; };
		A43AAEAB2C8C883700965AB1 /* Assets.xcassets */ = {isa = PBXFileReference; lastKnownFileType = folder.assetcatalog; path = Assets.xcassets; sourceTree = "<group>"; };
		A43AAEAE2C8C883700965AB1 /* Preview Assets.xcassets */ = {isa = PBXFileReference; lastKnownFileType = folder.assetcatalog; path = "Preview Assets.xcassets"; sourceTree = "<group>"; };
		A43AAED22C8C8F3E00965AB1 /* Constants.swift */ = {isa = PBXFileReference; lastKnownFileType = sourcecode.swift; path = Constants.swift; sourceTree = "<group>"; };
		A43AAED62C8C950600965AB1 /* Expense.swift */ = {isa = PBXFileReference; lastKnownFileType = sourcecode.swift; path = Expense.swift; sourceTree = "<group>"; };
		A457301E2D341C1300266218 /* MistralPhotoView.swift */ = {isa = PBXFileReference; lastKnownFileType = sourcecode.swift; path = MistralPhotoView.swift; sourceTree = "<group>"; };
		A45730202D341E7D00266218 /* Config.xcconfig */ = {isa = PBXFileReference; lastKnownFileType = text.xcconfig; path = Config.xcconfig; sourceTree = "<group>"; };
		A45730222D341F0B00266218 /* .gitignore */ = {isa = PBXFileReference; lastKnownFileType = text; path = .gitignore; sourceTree = "<group>"; };
		A45730242D345F8D00266218 /* AIReceiptEntriesView.swift */ = {isa = PBXFileReference; lastKnownFileType = sourcecode.swift; path = AIReceiptEntriesView.swift; sourceTree = "<group>"; };
		A45730272D3AB46F00266218 /* ChatView.swift */ = {isa = PBXFileReference; lastKnownFileType = sourcecode.swift; path = ChatView.swift; sourceTree = "<group>"; };
		A457302B2D3ADDA800266218 /* ExpenseService.swift */ = {isa = PBXFileReference; lastKnownFileType = sourcecode.swift; path = ExpenseService.swift; sourceTree = "<group>"; };
		A457302E2D3AF88200266218 /* ChatViewModel.swift */ = {isa = PBXFileReference; lastKnownFileType = sourcecode.swift; path = ChatViewModel.swift; sourceTree = "<group>"; };
		A45730302D42687600266218 /* Message.swift */ = {isa = PBXFileReference; lastKnownFileType = sourcecode.swift; path = Message.swift; sourceTree = "<group>"; };
		A486AE572C8CBDD800E5A1FD /* RealmHelper.swift */ = {isa = PBXFileReference; lastKnownFileType = sourcecode.swift; path = RealmHelper.swift; sourceTree = "<group>"; };
/* End PBXFileReference section */

/* Begin PBXFrameworksBuildPhase section */
		A43AAEA12C8C883600965AB1 /* Frameworks */ = {
			isa = PBXFrameworksBuildPhase;
			buildActionMask = 2147483647;
			files = (
				A486AE562C8C9A7300E5A1FD /* RealmSwift in Frameworks */,
				A40889912CA405210067CF9C /* RandomColor in Frameworks */,
			);
			runOnlyForDeploymentPostprocessing = 0;
		};
/* End PBXFrameworksBuildPhase section */

/* Begin PBXGroup section */
		A40889842C9034C80067CF9C /* Views */ = {
			isa = PBXGroup;
			children = (
				A40889852C9034D60067CF9C /* ExpenseLog.swift */,
				A40889872C9035330067CF9C /* AnalysisView.swift */,
				A457301E2D341C1300266218 /* MistralPhotoView.swift */,
				A45730242D345F8D00266218 /* AIReceiptEntriesView.swift */,
				A45730272D3AB46F00266218 /* ChatView.swift */,
				A43AAEA92C8C883600965AB1 /* ContentView.swift */,
				A40D98BF2D8B322C0095301F /* CombinedView.swift */,
			);
			path = Views;
			sourceTree = "<group>";
		};
		A43AAE9B2C8C883600965AB1 = {
			isa = PBXGroup;
			children = (
				A43AAEA62C8C883600965AB1 /* Expense Tracker */,
				A43AAEA52C8C883600965AB1 /* Products */,
			);
			sourceTree = "<group>";
		};
		A43AAEA52C8C883600965AB1 /* Products */ = {
			isa = PBXGroup;
			children = (
				A43AAEA42C8C883600965AB1 /* Expense Tracker.app */,
			);
			name = Products;
			sourceTree = "<group>";
		};
		A43AAEA62C8C883600965AB1 /* Expense Tracker */ = {
			isa = PBXGroup;
			children = (
				A43AAED12C8C8F1700965AB1 /* Helpers */,
				A45730292D3ADD6000266218 /* Models */,
				A457302A2D3ADD6500266218 /* Services */,
				A457302D2D3ADE1600266218 /* ViewModels */,
				A40889842C9034C80067CF9C /* Views */,
				A43AAEA72C8C883600965AB1 /* Expense_TrackerApp.swift */,
				A43AAEAB2C8C883700965AB1 /* Assets.xcassets */,
				A43AAEAD2C8C883700965AB1 /* Preview Content */,
				A45730202D341E7D00266218 /* Config.xcconfig */,
				A45730222D341F0B00266218 /* .gitignore */,
				A45730262D3582B200266218 /* Temp */,
			);
			path = "Expense Tracker";
			sourceTree = "<group>";
		};
		A43AAEAD2C8C883700965AB1 /* Preview Content */ = {
			isa = PBXGroup;
			children = (
				A43AAEAE2C8C883700965AB1 /* Preview Assets.xcassets */,
			);
			path = "Preview Content";
			sourceTree = "<group>";
		};
		A43AAED12C8C8F1700965AB1 /* Helpers */ = {
			isa = PBXGroup;
			children = (
				A43AAED22C8C8F3E00965AB1 /* Constants.swift */,
				A486AE572C8CBDD800E5A1FD /* RealmHelper.swift */,
				A40889822C9027FB0067CF9C /* Utils.swift */,
			);
			path = Helpers;
			sourceTree = "<group>";
		};
		A45730262D3582B200266218 /* Temp */ = {
			isa = PBXGroup;
			children = (
				A40889892C9381C20067CF9C /* GraphicalAnalysisView.swift */,
				A408898B2C94AB640067CF9C /* PhotoAnalysisView.swift */,
			);
			path = Temp;
			sourceTree = "<group>";
		};
		A45730292D3ADD6000266218 /* Models */ = {
			isa = PBXGroup;
			children = (
				A43AAED62C8C950600965AB1 /* Expense.swift */,
				A45730302D42687600266218 /* Message.swift */,
			);
			path = Models;
			sourceTree = "<group>";
		};
		A457302A2D3ADD6500266218 /* Services */ = {
			isa = PBXGroup;
			children = (
				A457302B2D3ADDA800266218 /* ExpenseService.swift */,
			);
			path = Services;
			sourceTree = "<group>";
		};
		A457302D2D3ADE1600266218 /* ViewModels */ = {
			isa = PBXGroup;
			children = (
				A457302E2D3AF88200266218 /* ChatViewModel.swift */,
			);
			path = ViewModels;
			sourceTree = "<group>";
		};
/* End PBXGroup section */

/* Begin PBXNativeTarget section */
		A43AAEA32C8C883600965AB1 /* Expense Tracker */ = {
			isa = PBXNativeTarget;
			buildConfigurationList = A43AAEC82C8C883700965AB1 /* Build configuration list for PBXNativeTarget "Expense Tracker" */;
			buildPhases = (
				A43AAEA02C8C883600965AB1 /* Sources */,
				A43AAEA12C8C883600965AB1 /* Frameworks */,
				A43AAEA22C8C883600965AB1 /* Resources */,
			);
			buildRules = (
			);
			dependencies = (
			);
			name = "Expense Tracker";
			packageProductDependencies = (
				A486AE552C8C9A7300E5A1FD /* RealmSwift */,
				A40889902CA405210067CF9C /* RandomColor */,
			);
			productName = "Expense Tracker";
			productReference = A43AAEA42C8C883600965AB1 /* Expense Tracker.app */;
			productType = "com.apple.product-type.application";
		};
/* End PBXNativeTarget section */

/* Begin PBXProject section */
		A43AAE9C2C8C883600965AB1 /* Project object */ = {
			isa = PBXProject;
			attributes = {
				BuildIndependentTargetsInParallel = 1;
				LastSwiftUpdateCheck = 1540;
				LastUpgradeCheck = 1540;
				TargetAttributes = {
					A43AAEA32C8C883600965AB1 = {
						CreatedOnToolsVersion = 15.4;
					};
				};
			};
			buildConfigurationList = A43AAE9F2C8C883600965AB1 /* Build configuration list for PBXProject "Expense Tracker" */;
			compatibilityVersion = "Xcode 14.0";
			developmentRegion = en;
			hasScannedForEncodings = 0;
			knownRegions = (
				en,
				Base,
			);
			mainGroup = A43AAE9B2C8C883600965AB1;
			packageReferences = (
				A486AE542C8C9A7300E5A1FD /* XCRemoteSwiftPackageReference "realm-swift" */,
				A408898F2CA405210067CF9C /* XCRemoteSwiftPackageReference "RandomColorSwift" */,
			);
			productRefGroup = A43AAEA52C8C883600965AB1 /* Products */;
			projectDirPath = "";
			projectRoot = "";
			targets = (
				A43AAEA32C8C883600965AB1 /* Expense Tracker */,
			);
		};
/* End PBXProject section */

/* Begin PBXResourcesBuildPhase section */
		A43AAEA22C8C883600965AB1 /* Resources */ = {
			isa = PBXResourcesBuildPhase;
			buildActionMask = 2147483647;
			files = (
				A45730232D341F0B00266218 /* .gitignore in Resources */,
				A43AAEAF2C8C883700965AB1 /* Preview Assets.xcassets in Resources */,
				A45730212D341E7D00266218 /* Config.xcconfig in Resources */,
				A43AAEAC2C8C883700965AB1 /* Assets.xcassets in Resources */,
			);
			runOnlyForDeploymentPostprocessing = 0;
		};
/* End PBXResourcesBuildPhase section */

/* Begin PBXSourcesBuildPhase section */
		A43AAEA02C8C883600965AB1 /* Sources */ = {
			isa = PBXSourcesBuildPhase;
			buildActionMask = 2147483647;
			files = (
				A457302C2D3ADDA800266218 /* ExpenseService.swift in Sources */,
				A43AAEAA2C8C883600965AB1 /* ContentView.swift in Sources */,
				A486AE582C8CBDD800E5A1FD /* RealmHelper.swift in Sources */,
				A40889832C9027FB0067CF9C /* Utils.swift in Sources */,
				A408898A2C9381C20067CF9C /* GraphicalAnalysisView.swift in Sources */,
				A457301F2D341C1300266218 /* MistralPhotoView.swift in Sources */,
				A45730282D3AB46F00266218 /* ChatView.swift in Sources */,
				A43AAEA82C8C883600965AB1 /* Expense_TrackerApp.swift in Sources */,
				A457302F2D3AF88200266218 /* ChatViewModel.swift in Sources */,
				A40D98C02D8B322C0095301F /* CombinedView.swift in Sources */,
				A40889862C9034D60067CF9C /* ExpenseLog.swift in Sources */,
				A43AAED32C8C8F3F00965AB1 /* Constants.swift in Sources */,
				A40889882C9035330067CF9C /* AnalysisView.swift in Sources */,
				A45730312D42687600266218 /* Message.swift in Sources */,
				A43AAED72C8C950600965AB1 /* Expense.swift in Sources */,
				A45730252D345F8D00266218 /* AIReceiptEntriesView.swift in Sources */,
			);
			runOnlyForDeploymentPostprocessing = 0;
		};
/* End PBXSourcesBuildPhase section */

/* Begin XCBuildConfiguration section */
		A43AAEC62C8C883700965AB1 /* Debug */ = {
			isa = XCBuildConfiguration;
			baseConfigurationReference = A45730202D341E7D00266218 /* Config.xcconfig */;
			buildSettings = {
				ALWAYS_SEARCH_USER_PATHS = NO;
				ASSETCATALOG_COMPILER_GENERATE_SWIFT_ASSET_SYMBOL_EXTENSIONS = YES;
				CLANG_ANALYZER_NONNULL = YES;
				CLANG_ANALYZER_NUMBER_OBJECT_CONVERSION = YES_AGGRESSIVE;
				CLANG_CXX_LANGUAGE_STANDARD = "gnu++20";
				CLANG_ENABLE_MODULES = YES;
				CLANG_ENABLE_OBJC_ARC = YES;
				CLANG_ENABLE_OBJC_WEAK = YES;
				CLANG_WARN_BLOCK_CAPTURE_AUTORELEASING = YES;
				CLANG_WARN_BOOL_CONVERSION = YES;
				CLANG_WARN_COMMA = YES;
				CLANG_WARN_CONSTANT_CONVERSION = YES;
				CLANG_WARN_DEPRECATED_OBJC_IMPLEMENTATIONS = YES;
				CLANG_WARN_DIRECT_OBJC_ISA_USAGE = YES_ERROR;
				CLANG_WARN_DOCUMENTATION_COMMENTS = YES;
				CLANG_WARN_EMPTY_BODY = YES;
				CLANG_WARN_ENUM_CONVERSION = YES;
				CLANG_WARN_INFINITE_RECURSION = YES;
				CLANG_WARN_INT_CONVERSION = YES;
				CLANG_WARN_NON_LITERAL_NULL_CONVERSION = YES;
				CLANG_WARN_OBJC_IMPLICIT_RETAIN_SELF = YES;
				CLANG_WARN_OBJC_LITERAL_CONVERSION = YES;
				CLANG_WARN_OBJC_ROOT_CLASS = YES_ERROR;
				CLANG_WARN_QUOTED_INCLUDE_IN_FRAMEWORK_HEADER = YES;
				CLANG_WARN_RANGE_LOOP_ANALYSIS = YES;
				CLANG_WARN_STRICT_PROTOTYPES = YES;
				CLANG_WARN_SUSPICIOUS_MOVE = YES;
				CLANG_WARN_UNGUARDED_AVAILABILITY = YES_AGGRESSIVE;
				CLANG_WARN_UNREACHABLE_CODE = YES;
				CLANG_WARN__DUPLICATE_METHOD_MATCH = YES;
				COPY_PHASE_STRIP = NO;
				DEBUG_INFORMATION_FORMAT = dwarf;
				ENABLE_STRICT_OBJC_MSGSEND = YES;
				ENABLE_TESTABILITY = YES;
				ENABLE_USER_SCRIPT_SANDBOXING = YES;
				GCC_C_LANGUAGE_STANDARD = gnu17;
				GCC_DYNAMIC_NO_PIC = NO;
				GCC_NO_COMMON_BLOCKS = YES;
				GCC_OPTIMIZATION_LEVEL = 0;
				GCC_PREPROCESSOR_DEFINITIONS = (
					"DEBUG=1",
					"$(inherited)",
				);
				GCC_WARN_64_TO_32_BIT_CONVERSION = YES;
				GCC_WARN_ABOUT_RETURN_TYPE = YES_ERROR;
				GCC_WARN_UNDECLARED_SELECTOR = YES;
				GCC_WARN_UNINITIALIZED_AUTOS = YES_AGGRESSIVE;
				GCC_WARN_UNUSED_FUNCTION = YES;
				GCC_WARN_UNUSED_VARIABLE = YES;
				IPHONEOS_DEPLOYMENT_TARGET = 17.5;
				LOCALIZATION_PREFERS_STRING_CATALOGS = YES;
				MTL_ENABLE_DEBUG_INFO = INCLUDE_SOURCE;
				MTL_FAST_MATH = YES;
				ONLY_ACTIVE_ARCH = YES;
				SDKROOT = iphoneos;
				SWIFT_ACTIVE_COMPILATION_CONDITIONS = "DEBUG $(inherited)";
				SWIFT_OPTIMIZATION_LEVEL = "-Onone";
			};
			name = Debug;
		};
		A43AAEC72C8C883700965AB1 /* Release */ = {
			isa = XCBuildConfiguration;
			baseConfigurationReference = A45730202D341E7D00266218 /* Config.xcconfig */;
			buildSettings = {
				ALWAYS_SEARCH_USER_PATHS = NO;
				ASSETCATALOG_COMPILER_GENERATE_SWIFT_ASSET_SYMBOL_EXTENSIONS = YES;
				CLANG_ANALYZER_NONNULL = YES;
				CLANG_ANALYZER_NUMBER_OBJECT_CONVERSION = YES_AGGRESSIVE;
				CLANG_CXX_LANGUAGE_STANDARD = "gnu++20";
				CLANG_ENABLE_MODULES = YES;
				CLANG_ENABLE_OBJC_ARC = YES;
				CLANG_ENABLE_OBJC_WEAK = YES;
				CLANG_WARN_BLOCK_CAPTURE_AUTORELEASING = YES;
				CLANG_WARN_BOOL_CONVERSION = YES;
				CLANG_WARN_COMMA = YES;
				CLANG_WARN_CONSTANT_CONVERSION = YES;
				CLANG_WARN_DEPRECATED_OBJC_IMPLEMENTATIONS = YES;
				CLANG_WARN_DIRECT_OBJC_ISA_USAGE = YES_ERROR;
				CLANG_WARN_DOCUMENTATION_COMMENTS = YES;
				CLANG_WARN_EMPTY_BODY = YES;
				CLANG_WARN_ENUM_CONVERSION = YES;
				CLANG_WARN_INFINITE_RECURSION = YES;
				CLANG_WARN_INT_CONVERSION = YES;
				CLANG_WARN_NON_LITERAL_NULL_CONVERSION = YES;
				CLANG_WARN_OBJC_IMPLICIT_RETAIN_SELF = YES;
				CLANG_WARN_OBJC_LITERAL_CONVERSION = YES;
				CLANG_WARN_OBJC_ROOT_CLASS = YES_ERROR;
				CLANG_WARN_QUOTED_INCLUDE_IN_FRAMEWORK_HEADER = YES;
				CLANG_WARN_RANGE_LOOP_ANALYSIS = YES;
				CLANG_WARN_STRICT_PROTOTYPES = YES;
				CLANG_WARN_SUSPICIOUS_MOVE = YES;
				CLANG_WARN_UNGUARDED_AVAILABILITY = YES_AGGRESSIVE;
				CLANG_WARN_UNREACHABLE_CODE = YES;
				CLANG_WARN__DUPLICATE_METHOD_MATCH = YES;
				COPY_PHASE_STRIP = NO;
				DEBUG_INFORMATION_FORMAT = "dwarf-with-dsym";
				ENABLE_NS_ASSERTIONS = NO;
				ENABLE_STRICT_OBJC_MSGSEND = YES;
				ENABLE_USER_SCRIPT_SANDBOXING = YES;
				GCC_C_LANGUAGE_STANDARD = gnu17;
				GCC_NO_COMMON_BLOCKS = YES;
				GCC_WARN_64_TO_32_BIT_CONVERSION = YES;
				GCC_WARN_ABOUT_RETURN_TYPE = YES_ERROR;
				GCC_WARN_UNDECLARED_SELECTOR = YES;
				GCC_WARN_UNINITIALIZED_AUTOS = YES_AGGRESSIVE;
				GCC_WARN_UNUSED_FUNCTION = YES;
				GCC_WARN_UNUSED_VARIABLE = YES;
				IPHONEOS_DEPLOYMENT_TARGET = 17.5;
				LOCALIZATION_PREFERS_STRING_CATALOGS = YES;
				MTL_ENABLE_DEBUG_INFO = NO;
				MTL_FAST_MATH = YES;
				SDKROOT = iphoneos;
				SWIFT_COMPILATION_MODE = wholemodule;
				VALIDATE_PRODUCT = YES;
			};
			name = Release;
		};
		A43AAEC92C8C883700965AB1 /* Debug */ = {
			isa = XCBuildConfiguration;
			buildSettings = {
				ASSETCATALOG_COMPILER_APPICON_NAME = AppIcon;
				ASSETCATALOG_COMPILER_GLOBAL_ACCENT_COLOR_NAME = AccentColor;
				CODE_SIGN_STYLE = Automatic;
				CURRENT_PROJECT_VERSION = 1;
				DEVELOPMENT_ASSET_PATHS = "\"Expense Tracker/Preview Content\"";
				ENABLE_PREVIEWS = YES;
				GENERATE_INFOPLIST_FILE = YES;
				INFOPLIST_KEY_NSCameraUsageDescription = "For ML Usage";
				INFOPLIST_KEY_UIApplicationSceneManifest_Generation = YES;
				INFOPLIST_KEY_UIApplicationSupportsIndirectInputEvents = YES;
				INFOPLIST_KEY_UILaunchScreen_Generation = YES;
				INFOPLIST_KEY_UIStatusBarStyle = "";
				INFOPLIST_KEY_UISupportedInterfaceOrientations_iPad = "UIInterfaceOrientationPortrait UIInterfaceOrientationPortraitUpsideDown UIInterfaceOrientationLandscapeLeft UIInterfaceOrientationLandscapeRight";
				INFOPLIST_KEY_UISupportedInterfaceOrientations_iPhone = "UIInterfaceOrientationPortrait UIInterfaceOrientationLandscapeLeft UIInterfaceOrientationLandscapeRight";
				IPHONEOS_DEPLOYMENT_TARGET = 17.0;
				LD_RUNPATH_SEARCH_PATHS = (
					"$(inherited)",
					"@executable_path/Frameworks",
				);
				MARKETING_VERSION = 1.0;
				PRODUCT_BUNDLE_IDENTIFIER = "personal.Expense-Tracker";
				PRODUCT_NAME = "$(TARGET_NAME)";
				SWIFT_EMIT_LOC_STRINGS = YES;
				SWIFT_VERSION = 5.0;
				TARGETED_DEVICE_FAMILY = "1,2";
			};
			name = Debug;
		};
		A43AAECA2C8C883700965AB1 /* Release */ = {
			isa = XCBuildConfiguration;
			buildSettings = {
				ASSETCATALOG_COMPILER_APPICON_NAME = AppIcon;
				ASSETCATALOG_COMPILER_GLOBAL_ACCENT_COLOR_NAME = AccentColor;
				CODE_SIGN_STYLE = Automatic;
				CURRENT_PROJECT_VERSION = 1;
				DEVELOPMENT_ASSET_PATHS = "\"Expense Tracker/Preview Content\"";
				ENABLE_PREVIEWS = YES;
				GENERATE_INFOPLIST_FILE = YES;
				INFOPLIST_KEY_NSCameraUsageDescription = "For ML Usage";
				INFOPLIST_KEY_UIApplicationSceneManifest_Generation = YES;
				INFOPLIST_KEY_UIApplicationSupportsIndirectInputEvents = YES;
				INFOPLIST_KEY_UILaunchScreen_Generation = YES;
				INFOPLIST_KEY_UIStatusBarStyle = "";
				INFOPLIST_KEY_UISupportedInterfaceOrientations_iPad = "UIInterfaceOrientationPortrait UIInterfaceOrientationPortraitUpsideDown UIInterfaceOrientationLandscapeLeft UIInterfaceOrientationLandscapeRight";
				INFOPLIST_KEY_UISupportedInterfaceOrientations_iPhone = "UIInterfaceOrientationPortrait UIInterfaceOrientationLandscapeLeft UIInterfaceOrientationLandscapeRight";
				IPHONEOS_DEPLOYMENT_TARGET = 17.0;
				LD_RUNPATH_SEARCH_PATHS = (
					"$(inherited)",
					"@executable_path/Frameworks",
				);
				MARKETING_VERSION = 1.0;
				PRODUCT_BUNDLE_IDENTIFIER = "personal.Expense-Tracker";
				PRODUCT_NAME = "$(TARGET_NAME)";
				SWIFT_EMIT_LOC_STRINGS = YES;
				SWIFT_VERSION = 5.0;
				TARGETED_DEVICE_FAMILY = "1,2";
			};
			name = Release;
		};
/* End XCBuildConfiguration section */

/* Begin XCConfigurationList section */
		A43AAE9F2C8C883600965AB1 /* Build configuration list for PBXProject "Expense Tracker" */ = {
			isa = XCConfigurationList;
			buildConfigurations = (
				A43AAEC62C8C883700965AB1 /* Debug */,
				A43AAEC72C8C883700965AB1 /* Release */,
			);
			defaultConfigurationIsVisible = 0;
			defaultConfigurationName = Release;
		};
		A43AAEC82C8C883700965AB1 /* Build configuration list for PBXNativeTarget "Expense Tracker" */ = {
			isa = XCConfigurationList;
			buildConfigurations = (
				A43AAEC92C8C883700965AB1 /* Debug */,
				A43AAECA2C8C883700965AB1 /* Release */,
			);
			defaultConfigurationIsVisible = 0;
			defaultConfigurationName = Release;
		};
/* End XCConfigurationList section */

/* Begin XCRemoteSwiftPackageReference section */
		A408898F2CA405210067CF9C /* XCRemoteSwiftPackageReference "RandomColorSwift" */ = {
			isa = XCRemoteSwiftPackageReference;
			repositoryURL = "https://github.com/onevcat/RandomColorSwift.git";
			requirement = {
				kind = upToNextMajorVersion;
				minimumVersion = 2.0.0;
			};
		};
		A486AE542C8C9A7300E5A1FD /* XCRemoteSwiftPackageReference "realm-swift" */ = {
			isa = XCRemoteSwiftPackageReference;
			repositoryURL = "https://github.com/realm/realm-swift.git";
			requirement = {
				kind = upToNextMajorVersion;
				minimumVersion = 10.53.1;
			};
		};
/* End XCRemoteSwiftPackageReference section */

/* Begin XCSwiftPackageProductDependency section */
		A40889902CA405210067CF9C /* RandomColor */ = {
			isa = XCSwiftPackageProductDependency;
			package = A408898F2CA405210067CF9C /* XCRemoteSwiftPackageReference "RandomColorSwift" */;
			productName = RandomColor;
		};
		A486AE552C8C9A7300E5A1FD /* RealmSwift */ = {
			isa = XCSwiftPackageProductDependency;
			package = A486AE542C8C9A7300E5A1FD /* XCRemoteSwiftPackageReference "realm-swift" */;
			productName = RealmSwift;
		};
/* End XCSwiftPackageProductDependency section */
	};
	rootObject = A43AAE9C2C8C883600965AB1 /* Project object */;
}
